
Microsoft Visual Studio Solution File, Format Version 12.00
# Visual Studio Version 17
VisualStudioVersion = 17.2.32630.192
MinimumVisualStudioVersion = 10.0.40219.1
Project("{FAE04EC0-301F-11D3-BF4B-00C04F79EFBC}") = "Layer4.Presentation.WebApp", "Layer4.Presentation.WebApp\Layer4.Presentation.WebApp.csproj", "{6FDAA71C-51FA-42F2-83CB-C031C496A29D}"
EndProject
Global
	GlobalSection(SolutionConfigurationPlatforms) = preSolution
		Debug|Any CPU = Debug|Any CPU
		Release|Any CPU = Release|Any CPU
	EndGlobalSection
	GlobalSection(ProjectConfigurationPlatforms) = postSolution
		{6FDAA71C-51FA-42F2-83CB-C031C496A29D}.Debug|Any CPU.ActiveCfg = Debug|Any CPU
		{6FDAA71C-51FA-42F2-83CB-C031C496A29D}.Debug|Any CPU.Build.0 = Debug|Any CPU
		{6FDAA71C-51FA-42F2-83CB-C031C496A29D}.Release|Any CPU.ActiveCfg = Release|Any CPU
		{6FDAA71C-51FA-42F2-83CB-C031C496A29D}.Release|Any CPU.Build.0 = Release|Any CPU
	EndGlobalSection
	GlobalSection(SolutionProperties) = preSolution
		HideSolutionNode = FALSE
	EndGlobalSection
	GlobalSection(ExtensibilityGlobals) = postSolution
		SolutionGuid = {569C9CEC-1A0B-41DE-ACE2-C8491AD15995}
	EndGlobalSection
EndGlobal
